// !$*UTF8*$!
{
	archiveVersion = 1;
	classes = {
	};
	objectVersion = 56;
	objects = {

/* Begin PBXBuildFile section */
		4384EBC42C76841400C6FC2C /* AppDelegate.swift in Sources */ = {isa = PBXBuildFile; fileRef = 4384EBC32C76841400C6FC2C /* AppDelegate.swift */; };
		4384EBC82C76841400C6FC2C /* Base in Resources */ = {isa = PBXBuildFile; fileRef = 4384EBC72C76841400C6FC2C /* Base */; };
		4384EBCA2C76841400C6FC2C /* Icon.png in Resources */ = {isa = PBXBuildFile; fileRef = 4384EBC92C76841400C6FC2C /* Icon.png */; };
		4384EBCC2C76841400C6FC2C /* Style.css in Resources */ = {isa = PBXBuildFile; fileRef = 4384EBCB2C76841400C6FC2C /* Style.css */; };
		4384EBCE2C76841400C6FC2C /* Script.js in Resources */ = {isa = PBXBuildFile; fileRef = 4384EBCD2C76841400C6FC2C /* Script.js */; };
		4384EBD02C76841400C6FC2C /* ViewController.swift in Sources */ = {isa = PBXBuildFile; fileRef = 4384EBCF2C76841400C6FC2C /* ViewController.swift */; };
		4384EBD32C76841400C6FC2C /* Base in Resources */ = {isa = PBXBuildFile; fileRef = 4384EBD22C76841400C6FC2C /* Base */; };
		4384EBD52C76841600C6FC2C /* Assets.xcassets in Resources */ = {isa = PBXBuildFile; fileRef = 4384EBD42C76841600C6FC2C /* Assets.xcassets */; };
		4384EBDE2C76841600C6FC2C /* 7tvSafari Extension.appex in Embed Foundation Extensions */ = {isa = PBXBuildFile; fileRef = 4384EBDD2C76841600C6FC2C /* 7tvSafari Extension.appex */; settings = {ATTRIBUTES = (RemoveHeadersOnCopy, ); }; };
		4384EBE32C76841600C6FC2C /* SafariWebExtensionHandler.swift in Sources */ = {isa = PBXBuildFile; fileRef = 4384EBE22C76841600C6FC2C /* SafariWebExtensionHandler.swift */; };
		4384EBFB2C76841600C6FC2C /* index.html in Resources */ = {isa = PBXBuildFile; fileRef = 4384EBF02C76841600C6FC2C /* index.html */; };
		4384EBFC2C76841600C6FC2C /* background.js in Resources */ = {isa = PBXBuildFile; fileRef = 4384EBF12C76841600C6FC2C /* background.js */; };
		4384EBFD2C76841600C6FC2C /* worker.js in Resources */ = {isa = PBXBuildFile; fileRef = 4384EBF22C76841600C6FC2C /* worker.js */; };
		4384EBFE2C76841600C6FC2C /* _metadata in Resources */ = {isa = PBXBuildFile; fileRef = 4384EBF32C76841600C6FC2C /* _metadata */; };
		4384EBFF2C76841600C6FC2C /* manifest.json in Resources */ = {isa = PBXBuildFile; fileRef = 4384EBF42C76841600C6FC2C /* manifest.json */; };
		4384EC002C76841600C6FC2C /* site.js in Resources */ = {isa = PBXBuildFile; fileRef = 4384EBF52C76841600C6FC2C /* site.js */; };
		4384EC012C76841600C6FC2C /* content.js in Resources */ = {isa = PBXBuildFile; fileRef = 4384EBF62C76841600C6FC2C /* content.js */; };
		4384EC022C76841600C6FC2C /* icon in Resources */ = {isa = PBXBuildFile; fileRef = 4384EBF72C76841600C6FC2C /* icon */; };
		4384EC032C76841600C6FC2C /* assets in Resources */ = {isa = PBXBuildFile; fileRef = 4384EBF82C76841600C6FC2C /* assets */; };
		4384EC042C76841600C6FC2C /* logo.svg in Resources */ = {isa = PBXBuildFile; fileRef = 4384EBF92C76841600C6FC2C /* logo.svg */; };
		4384EC052C76841600C6FC2C /* src in Resources */ = {isa = PBXBuildFile; fileRef = 4384EBFA2C76841600C6FC2C /* src */; };
/* End PBXBuildFile section */

/* Begin PBXContainerItemProxy section */
		4384EBDF2C76841600C6FC2C /* PBXContainerItemProxy */ = {
			isa = PBXContainerItemProxy;
			containerPortal = 4384EBB82C76841400C6FC2C /* Project object */;
			proxyType = 1;
			remoteGlobalIDString = 4384EBDC2C76841600C6FC2C;
			remoteInfo = "7tvSafari Extension";
		};
/* End PBXContainerItemProxy section */

/* Begin PBXCopyFilesBuildPhase section */
		4384EBEB2C76841600C6FC2C /* Embed Foundation Extensions */ = {
			isa = PBXCopyFilesBuildPhase;
			buildActionMask = 2147483647;
			dstPath = "";
			dstSubfolderSpec = 13;
			files = (
				4384EBDE2C76841600C6FC2C /* 7tvSafari Extension.appex in Embed Foundation Extensions */,
			);
			name = "Embed Foundation Extensions";
			runOnlyForDeploymentPostprocessing = 0;
		};
/* End PBXCopyFilesBuildPhase section */

/* Begin PBXFileReference section */
		4384EBC02C76841400C6FC2C /* 7tvSafari.app */ = {isa = PBXFileReference; explicitFileType = wrapper.application; includeInIndex = 0; path = 7tvSafari.app; sourceTree = BUILT_PRODUCTS_DIR; };
		4384EBC32C76841400C6FC2C /* AppDelegate.swift */ = {isa = PBXFileReference; lastKnownFileType = sourcecode.swift; path = AppDelegate.swift; sourceTree = "<group>"; };
		4384EBC72C76841400C6FC2C /* Base */ = {isa = PBXFileReference; lastKnownFileType = text.html; name = Base; path = ../Base.lproj/Main.html; sourceTree = "<group>"; };
		4384EBC92C76841400C6FC2C /* Icon.png */ = {isa = PBXFileReference; lastKnownFileType = image.png; path = Icon.png; sourceTree = "<group>"; };
		4384EBCB2C76841400C6FC2C /* Style.css */ = {isa = PBXFileReference; lastKnownFileType = text.css; path = Style.css; sourceTree = "<group>"; };
		4384EBCD2C76841400C6FC2C /* Script.js */ = {isa = PBXFileReference; lastKnownFileType = sourcecode.javascript; path = Script.js; sourceTree = "<group>"; };
		4384EBCF2C76841400C6FC2C /* ViewController.swift */ = {isa = PBXFileReference; lastKnownFileType = sourcecode.swift; path = ViewController.swift; sourceTree = "<group>"; };
		4384EBD22C76841400C6FC2C /* Base */ = {isa = PBXFileReference; lastKnownFileType = file.storyboard; name = Base; path = Base.lproj/Main.storyboard; sourceTree = "<group>"; };
		4384EBD42C76841600C6FC2C /* Assets.xcassets */ = {isa = PBXFileReference; lastKnownFileType = folder.assetcatalog; path = Assets.xcassets; sourceTree = "<group>"; };
		4384EBD62C76841600C6FC2C /* Info.plist */ = {isa = PBXFileReference; lastKnownFileType = text.plist.xml; path = Info.plist; sourceTree = "<group>"; };
		4384EBD72C76841600C6FC2C /* _tvSafari.entitlements */ = {isa = PBXFileReference; lastKnownFileType = text.plist.entitlements; path = _tvSafari.entitlements; sourceTree = "<group>"; };
		4384EBD82C76841600C6FC2C /* 7tvSafari.entitlements */ = {isa = PBXFileReference; lastKnownFileType = text.plist.entitlements; path = 7tvSafari.entitlements; sourceTree = "<group>"; };
		4384EBDD2C76841600C6FC2C /* 7tvSafari Extension.appex */ = {isa = PBXFileReference; explicitFileType = "wrapper.app-extension"; includeInIndex = 0; path = "7tvSafari Extension.appex"; sourceTree = BUILT_PRODUCTS_DIR; };
		4384EBE22C76841600C6FC2C /* SafariWebExtensionHandler.swift */ = {isa = PBXFileReference; lastKnownFileType = sourcecode.swift; path = SafariWebExtensionHandler.swift; sourceTree = "<group>"; };
		4384EBE42C76841600C6FC2C /* Info.plist */ = {isa = PBXFileReference; lastKnownFileType = text.plist.xml; path = Info.plist; sourceTree = "<group>"; };
		4384EBE52C76841600C6FC2C /* _tvSafari_Extension.entitlements */ = {isa = PBXFileReference; lastKnownFileType = text.plist.entitlements; path = _tvSafari_Extension.entitlements; sourceTree = "<group>"; };
		4384EBF02C76841600C6FC2C /* index.html */ = {isa = PBXFileReference; lastKnownFileType = text.html; name = index.html; path = Resources/index.html; sourceTree = "<group>"; };
		4384EBF12C76841600C6FC2C /* background.js */ = {isa = PBXFileReference; lastKnownFileType = sourcecode.javascript; name = background.js; path = Resources/background.js; sourceTree = "<group>"; };
		4384EBF22C76841600C6FC2C /* worker.js */ = {isa = PBXFileReference; lastKnownFileType = sourcecode.javascript; name = worker.js; path = Resources/worker.js; sourceTree = "<group>"; };
		4384EBF32C76841600C6FC2C /* _metadata */ = {isa = PBXFileReference; lastKnownFileType = folder; name = _metadata; path = Resources/_metadata; sourceTree = "<group>"; };
		4384EBF42C76841600C6FC2C /* manifest.json */ = {isa = PBXFileReference; lastKnownFileType = text.json; name = manifest.json; path = Resources/manifest.json; sourceTree = "<group>"; };
		4384EBF52C76841600C6FC2C /* site.js */ = {isa = PBXFileReference; lastKnownFileType = sourcecode.javascript; name = site.js; path = Resources/site.js; sourceTree = "<group>"; };
		4384EBF62C76841600C6FC2C /* content.js */ = {isa = PBXFileReference; lastKnownFileType = sourcecode.javascript; name = content.js; path = Resources/content.js; sourceTree = "<group>"; };
		4384EBF72C76841600C6FC2C /* icon */ = {isa = PBXFileReference; lastKnownFileType = folder; name = icon; path = Resources/icon; sourceTree = "<group>"; };
		4384EBF82C76841600C6FC2C /* assets */ = {isa = PBXFileReference; lastKnownFileType = folder; name = assets; path = Resources/assets; sourceTree = "<group>"; };
		4384EBF92C76841600C6FC2C /* logo.svg */ = {isa = PBXFileReference; lastKnownFileType = text; name = logo.svg; path = Resources/logo.svg; sourceTree = "<group>"; };
		4384EBFA2C76841600C6FC2C /* src */ = {isa = PBXFileReference; lastKnownFileType = folder; name = src; path = Resources/src; sourceTree = "<group>"; };
/* End PBXFileReference section */

/* Begin PBXFrameworksBuildPhase section */
		4384EBBD2C76841400C6FC2C /* Frameworks */ = {
			isa = PBXFrameworksBuildPhase;
			buildActionMask = 2147483647;
			files = (
			);
			runOnlyForDeploymentPostprocessing = 0;
		};
		4384EBDA2C76841600C6FC2C /* Frameworks */ = {
			isa = PBXFrameworksBuildPhase;
			buildActionMask = 2147483647;
			files = (
			);
			runOnlyForDeploymentPostprocessing = 0;
		};
/* End PBXFrameworksBuildPhase section */

/* Begin PBXGroup section */
		4384EBB72C76841400C6FC2C = {
			isa = PBXGroup;
			children = (
				4384EBC22C76841400C6FC2C /* 7tvSafari */,
				4384EBE12C76841600C6FC2C /* 7tvSafari Extension */,
				4384EBC12C76841400C6FC2C /* Products */,
			);
			sourceTree = "<group>";
		};
		4384EBC12C76841400C6FC2C /* Products */ = {
			isa = PBXGroup;
			children = (
				4384EBC02C76841400C6FC2C /* 7tvSafari.app */,
				4384EBDD2C76841600C6FC2C /* 7tvSafari Extension.appex */,
			);
			name = Products;
			sourceTree = "<group>";
		};
		4384EBC22C76841400C6FC2C /* 7tvSafari */ = {
			isa = PBXGroup;
			children = (
				4384EBC32C76841400C6FC2C /* AppDelegate.swift */,
				4384EBCF2C76841400C6FC2C /* ViewController.swift */,
				4384EBD12C76841400C6FC2C /* Main.storyboard */,
				4384EBD42C76841600C6FC2C /* Assets.xcassets */,
				4384EBD62C76841600C6FC2C /* Info.plist */,
				4384EBD72C76841600C6FC2C /* _tvSafari.entitlements */,
				4384EBD82C76841600C6FC2C /* 7tvSafari.entitlements */,
				4384EBC52C76841400C6FC2C /* Resources */,
			);
			path = 7tvSafari;
			sourceTree = "<group>";
		};
		4384EBC52C76841400C6FC2C /* Resources */ = {
			isa = PBXGroup;
			children = (
				4384EBC62C76841400C6FC2C /* Main.html */,
				4384EBC92C76841400C6FC2C /* Icon.png */,
				4384EBCB2C76841400C6FC2C /* Style.css */,
				4384EBCD2C76841400C6FC2C /* Script.js */,
			);
			path = Resources;
			sourceTree = "<group>";
		};
		4384EBE12C76841600C6FC2C /* 7tvSafari Extension */ = {
			isa = PBXGroup;
			children = (
				4384EBEF2C76841600C6FC2C /* Resources */,
				4384EBE22C76841600C6FC2C /* SafariWebExtensionHandler.swift */,
				4384EBE42C76841600C6FC2C /* Info.plist */,
				4384EBE52C76841600C6FC2C /* _tvSafari_Extension.entitlements */,
			);
			path = "7tvSafari Extension";
			sourceTree = "<group>";
		};
		4384EBEF2C76841600C6FC2C /* Resources */ = {
			isa = PBXGroup;
			children = (
				4384EBF02C76841600C6FC2C /* index.html */,
				4384EBF12C76841600C6FC2C /* background.js */,
				4384EBF22C76841600C6FC2C /* worker.js */,
				4384EBF32C76841600C6FC2C /* _metadata */,
				4384EBF42C76841600C6FC2C /* manifest.json */,
				4384EBF52C76841600C6FC2C /* site.js */,
				4384EBF62C76841600C6FC2C /* content.js */,
				4384EBF72C76841600C6FC2C /* icon */,
				4384EBF82C76841600C6FC2C /* assets */,
				4384EBF92C76841600C6FC2C /* logo.svg */,
				4384EBFA2C76841600C6FC2C /* src */,
			);
			name = Resources;
			path = "7tvSafari Extension";
			sourceTree = SOURCE_ROOT;
		};
/* End PBXGroup section */

/* Begin PBXNativeTarget section */
		4384EBBF2C76841400C6FC2C /* 7tvSafari */ = {
			isa = PBXNativeTarget;
			buildConfigurationList = 4384EBEC2C76841600C6FC2C /* Build configuration list for PBXNativeTarget "7tvSafari" */;
			buildPhases = (
				4384EBBC2C76841400C6FC2C /* Sources */,
				4384EBBD2C76841400C6FC2C /* Frameworks */,
				4384EBBE2C76841400C6FC2C /* Resources */,
				4384EBEB2C76841600C6FC2C /* Embed Foundation Extensions */,
			);
			buildRules = (
			);
			dependencies = (
				4384EBE02C76841600C6FC2C /* PBXTargetDependency */,
			);
			name = 7tvSafari;
			productName = 7tvSafari;
			productReference = 4384EBC02C76841400C6FC2C /* 7tvSafari.app */;
			productType = "com.apple.product-type.application";
		};
		4384EBDC2C76841600C6FC2C /* 7tvSafari Extension */ = {
			isa = PBXNativeTarget;
			buildConfigurationList = 4384EBE82C76841600C6FC2C /* Build configuration list for PBXNativeTarget "7tvSafari Extension" */;
			buildPhases = (
				4384EBD92C76841600C6FC2C /* Sources */,
				4384EBDA2C76841600C6FC2C /* Frameworks */,
				4384EBDB2C76841600C6FC2C /* Resources */,
			);
			buildRules = (
			);
			dependencies = (
			);
			name = "7tvSafari Extension";
			productName = "7tvSafari Extension";
			productReference = 4384EBDD2C76841600C6FC2C /* 7tvSafari Extension.appex */;
			productType = "com.apple.product-type.app-extension";
		};
/* End PBXNativeTarget section */

/* Begin PBXProject section */
		4384EBB82C76841400C6FC2C /* Project object */ = {
			isa = PBXProject;
			attributes = {
				BuildIndependentTargetsInParallel = 1;
				LastSwiftUpdateCheck = 1540;
				LastUpgradeCheck = 1540;
				TargetAttributes = {
					4384EBBF2C76841400C6FC2C = {
						CreatedOnToolsVersion = 15.4;
					};
					4384EBDC2C76841600C6FC2C = {
						CreatedOnToolsVersion = 15.4;
					};
				};
			};
			buildConfigurationList = 4384EBBB2C76841400C6FC2C /* Build configuration list for PBXProject "7tvSafari" */;
			compatibilityVersion = "Xcode 14.0";
			developmentRegion = en;
			hasScannedForEncodings = 0;
			knownRegions = (
				en,
				Base,
			);
			mainGroup = 4384EBB72C76841400C6FC2C;
			productRefGroup = 4384EBC12C76841400C6FC2C /* Products */;
			projectDirPath = "";
			projectRoot = "";
			targets = (
				4384EBBF2C76841400C6FC2C /* 7tvSafari */,
				4384EBDC2C76841600C6FC2C /* 7tvSafari Extension */,
			);
		};
/* End PBXProject section */

/* Begin PBXResourcesBuildPhase section */
		4384EBBE2C76841400C6FC2C /* Resources */ = {
			isa = PBXResourcesBuildPhase;
			buildActionMask = 2147483647;
			files = (
				4384EBCA2C76841400C6FC2C /* Icon.png in Resources */,
				4384EBCE2C76841400C6FC2C /* Script.js in Resources */,
				4384EBC82C76841400C6FC2C /* Base in Resources */,
				4384EBCC2C76841400C6FC2C /* Style.css in Resources */,
				4384EBD52C76841600C6FC2C /* Assets.xcassets in Resources */,
				4384EBD32C76841400C6FC2C /* Base in Resources */,
			);
			runOnlyForDeploymentPostprocessing = 0;
		};
		4384EBDB2C76841600C6FC2C /* Resources */ = {
			isa = PBXResourcesBuildPhase;
			buildActionMask = 2147483647;
			files = (
				4384EBFC2C76841600C6FC2C /* background.js in Resources */,
				4384EBFE2C76841600C6FC2C /* _metadata in Resources */,
				4384EBFF2C76841600C6FC2C /* manifest.json in Resources */,
				4384EC032C76841600C6FC2C /* assets in Resources */,
				4384EC002C76841600C6FC2C /* site.js in Resources */,
				4384EBFD2C76841600C6FC2C /* worker.js in Resources */,
				4384EC022C76841600C6FC2C /* icon in Resources */,
				4384EC052C76841600C6FC2C /* src in Resources */,
				4384EC042C76841600C6FC2C /* logo.svg in Resources */,
				4384EC012C76841600C6FC2C /* content.js in Resources */,
				4384EBFB2C76841600C6FC2C /* index.html in Resources */,
			);
			runOnlyForDeploymentPostprocessing = 0;
		};
/* End PBXResourcesBuildPhase section */

/* Begin PBXSourcesBuildPhase section */
		4384EBBC2C76841400C6FC2C /* Sources */ = {
			isa = PBXSourcesBuildPhase;
			buildActionMask = 2147483647;
			files = (
				4384EBD02C76841400C6FC2C /* ViewController.swift in Sources */,
				4384EBC42C76841400C6FC2C /* AppDelegate.swift in Sources */,
			);
			runOnlyForDeploymentPostprocessing = 0;
		};
		4384EBD92C76841600C6FC2C /* Sources */ = {
			isa = PBXSourcesBuildPhase;
			buildActionMask = 2147483647;
			files = (
				4384EBE32C76841600C6FC2C /* SafariWebExtensionHandler.swift in Sources */,
			);
			runOnlyForDeploymentPostprocessing = 0;
		};
/* End PBXSourcesBuildPhase section */

/* Begin PBXTargetDependency section */
		4384EBE02C76841600C6FC2C /* PBXTargetDependency */ = {
			isa = PBXTargetDependency;
			target = 4384EBDC2C76841600C6FC2C /* 7tvSafari Extension */;
			targetProxy = 4384EBDF2C76841600C6FC2C /* PBXContainerItemProxy */;
		};
/* End PBXTargetDependency section */

/* Begin PBXVariantGroup section */
		4384EBC62C76841400C6FC2C /* Main.html */ = {
			isa = PBXVariantGroup;
			children = (
				4384EBC72C76841400C6FC2C /* Base */,
			);
			name = Main.html;
			sourceTree = "<group>";
		};
		4384EBD12C76841400C6FC2C /* Main.storyboard */ = {
			isa = PBXVariantGroup;
			children = (
				4384EBD22C76841400C6FC2C /* Base */,
			);
			name = Main.storyboard;
			sourceTree = "<group>";
		};
/* End PBXVariantGroup section */

/* Begin XCBuildConfiguration section */
		4384EBE62C76841600C6FC2C /* Debug */ = {
			isa = XCBuildConfiguration;
			buildSettings = {
				ALWAYS_SEARCH_USER_PATHS = NO;
				ASSETCATALOG_COMPILER_GENERATE_SWIFT_ASSET_SYMBOL_EXTENSIONS = YES;
				CLANG_ANALYZER_NONNULL = YES;
				CLANG_ANALYZER_NUMBER_OBJECT_CONVERSION = YES_AGGRESSIVE;
				CLANG_CXX_LANGUAGE_STANDARD = "gnu++20";
				CLANG_ENABLE_MODULES = YES;
				CLANG_ENABLE_OBJC_ARC = YES;
				CLANG_ENABLE_OBJC_WEAK = YES;
				CLANG_WARN_BLOCK_CAPTURE_AUTORELEASING = YES;
				CLANG_WARN_BOOL_CONVERSION = YES;
				CLANG_WARN_COMMA = YES;
				CLANG_WARN_CONSTANT_CONVERSION = YES;
				CLANG_WARN_DEPRECATED_OBJC_IMPLEMENTATIONS = YES;
				CLANG_WARN_DIRECT_OBJC_ISA_USAGE = YES_ERROR;
				CLANG_WARN_DOCUMENTATION_COMMENTS = YES;
				CLANG_WARN_EMPTY_BODY = YES;
				CLANG_WARN_ENUM_CONVERSION = YES;
				CLANG_WARN_INFINITE_RECURSION = YES;
				CLANG_WARN_INT_CONVERSION = YES;
				CLANG_WARN_NON_LITERAL_NULL_CONVERSION = YES;
				CLANG_WARN_OBJC_IMPLICIT_RETAIN_SELF = YES;
				CLANG_WARN_OBJC_LITERAL_CONVERSION = YES;
				CLANG_WARN_OBJC_ROOT_CLASS = YES_ERROR;
				CLANG_WARN_QUOTED_INCLUDE_IN_FRAMEWORK_HEADER = YES;
				CLANG_WARN_RANGE_LOOP_ANALYSIS = YES;
				CLANG_WARN_STRICT_PROTOTYPES = YES;
				CLANG_WARN_SUSPICIOUS_MOVE = YES;
				CLANG_WARN_UNGUARDED_AVAILABILITY = YES_AGGRESSIVE;
				CLANG_WARN_UNREACHABLE_CODE = YES;
				CLANG_WARN__DUPLICATE_METHOD_MATCH = YES;
				COPY_PHASE_STRIP = NO;
				DEBUG_INFORMATION_FORMAT = dwarf;
				ENABLE_STRICT_OBJC_MSGSEND = YES;
				ENABLE_TESTABILITY = YES;
				ENABLE_USER_SCRIPT_SANDBOXING = YES;
				GCC_C_LANGUAGE_STANDARD = gnu17;
				GCC_DYNAMIC_NO_PIC = NO;
				GCC_NO_COMMON_BLOCKS = YES;
				GCC_OPTIMIZATION_LEVEL = 0;
				GCC_PREPROCESSOR_DEFINITIONS = (
					"DEBUG=1",
					"$(inherited)",
				);
				GCC_WARN_64_TO_32_BIT_CONVERSION = YES;
				GCC_WARN_ABOUT_RETURN_TYPE = YES_ERROR;
				GCC_WARN_UNDECLARED_SELECTOR = YES;
				GCC_WARN_UNINITIALIZED_AUTOS = YES_AGGRESSIVE;
				GCC_WARN_UNUSED_FUNCTION = YES;
				GCC_WARN_UNUSED_VARIABLE = YES;
				LOCALIZATION_PREFERS_STRING_CATALOGS = YES;
				MACOSX_DEPLOYMENT_TARGET = 14.5;
				MTL_ENABLE_DEBUG_INFO = INCLUDE_SOURCE;
				MTL_FAST_MATH = YES;
				ONLY_ACTIVE_ARCH = YES;
				SDKROOT = macosx;
				SWIFT_ACTIVE_COMPILATION_CONDITIONS = "DEBUG $(inherited)";
				SWIFT_OPTIMIZATION_LEVEL = "-Onone";
			};
			name = Debug;
		};
		4384EBE72C76841600C6FC2C /* Release */ = {
			isa = XCBuildConfiguration;
			buildSettings = {
				ALWAYS_SEARCH_USER_PATHS = NO;
				ASSETCATALOG_COMPILER_GENERATE_SWIFT_ASSET_SYMBOL_EXTENSIONS = YES;
				CLANG_ANALYZER_NONNULL = YES;
				CLANG_ANALYZER_NUMBER_OBJECT_CONVERSION = YES_AGGRESSIVE;
				CLANG_CXX_LANGUAGE_STANDARD = "gnu++20";
				CLANG_ENABLE_MODULES = YES;
				CLANG_ENABLE_OBJC_ARC = YES;
				CLANG_ENABLE_OBJC_WEAK = YES;
				CLANG_WARN_BLOCK_CAPTURE_AUTORELEASING = YES;
				CLANG_WARN_BOOL_CONVERSION = YES;
				CLANG_WARN_COMMA = YES;
				CLANG_WARN_CONSTANT_CONVERSION = YES;
				CLANG_WARN_DEPRECATED_OBJC_IMPLEMENTATIONS = YES;
				CLANG_WARN_DIRECT_OBJC_ISA_USAGE = YES_ERROR;
				CLANG_WARN_DOCUMENTATION_COMMENTS = YES;
				CLANG_WARN_EMPTY_BODY = YES;
				CLANG_WARN_ENUM_CONVERSION = YES;
				CLANG_WARN_INFINITE_RECURSION = YES;
				CLANG_WARN_INT_CONVERSION = YES;
				CLANG_WARN_NON_LITERAL_NULL_CONVERSION = YES;
				CLANG_WARN_OBJC_IMPLICIT_RETAIN_SELF = YES;
				CLANG_WARN_OBJC_LITERAL_CONVERSION = YES;
				CLANG_WARN_OBJC_ROOT_CLASS = YES_ERROR;
				CLANG_WARN_QUOTED_INCLUDE_IN_FRAMEWORK_HEADER = YES;
				CLANG_WARN_RANGE_LOOP_ANALYSIS = YES;
				CLANG_WARN_STRICT_PROTOTYPES = YES;
				CLANG_WARN_SUSPICIOUS_MOVE = YES;
				CLANG_WARN_UNGUARDED_AVAILABILITY = YES_AGGRESSIVE;
				CLANG_WARN_UNREACHABLE_CODE = YES;
				CLANG_WARN__DUPLICATE_METHOD_MATCH = YES;
				COPY_PHASE_STRIP = NO;
				DEBUG_INFORMATION_FORMAT = "dwarf-with-dsym";
				ENABLE_NS_ASSERTIONS = NO;
				ENABLE_STRICT_OBJC_MSGSEND = YES;
				ENABLE_USER_SCRIPT_SANDBOXING = YES;
				GCC_C_LANGUAGE_STANDARD = gnu17;
				GCC_NO_COMMON_BLOCKS = YES;
				GCC_WARN_64_TO_32_BIT_CONVERSION = YES;
				GCC_WARN_ABOUT_RETURN_TYPE = YES_ERROR;
				GCC_WARN_UNDECLARED_SELECTOR = YES;
				GCC_WARN_UNINITIALIZED_AUTOS = YES_AGGRESSIVE;
				GCC_WARN_UNUSED_FUNCTION = YES;
				GCC_WARN_UNUSED_VARIABLE = YES;
				LOCALIZATION_PREFERS_STRING_CATALOGS = YES;
				MACOSX_DEPLOYMENT_TARGET = 14.5;
				MTL_ENABLE_DEBUG_INFO = NO;
				MTL_FAST_MATH = YES;
				SDKROOT = macosx;
				SWIFT_COMPILATION_MODE = wholemodule;
			};
			name = Release;
		};
		4384EBE92C76841600C6FC2C /* Debug */ = {
			isa = XCBuildConfiguration;
			buildSettings = {
				CODE_SIGN_ENTITLEMENTS = "7tvSafari Extension/_tvSafari_Extension.entitlements";
				CODE_SIGN_STYLE = Automatic;
				CURRENT_PROJECT_VERSION = 1;
				ENABLE_HARDENED_RUNTIME = YES;
				GENERATE_INFOPLIST_FILE = YES;
				INFOPLIST_FILE = "7tvSafari Extension/Info.plist";
				INFOPLIST_KEY_CFBundleDisplayName = "7tvSafari Extension";
				INFOPLIST_KEY_NSHumanReadableCopyright = "";
				LD_RUNPATH_SEARCH_PATHS = (
					"$(inherited)",
					"@executable_path/../Frameworks",
					"@executable_path/../../../../Frameworks",
				);
				MACOSX_DEPLOYMENT_TARGET = 10.14;
				MARKETING_VERSION = 1.0;
				OTHER_LDFLAGS = (
					"-framework",
					SafariServices,
				);
				PRODUCT_BUNDLE_IDENTIFIER = "com.yourCompany.-tvSafari.Extension";
				PRODUCT_NAME = "$(TARGET_NAME)";
				SKIP_INSTALL = YES;
				SWIFT_EMIT_LOC_STRINGS = YES;
				SWIFT_VERSION = 5.0;
			};
			name = Debug;
		};
		4384EBEA2C76841600C6FC2C /* Release */ = {
			isa = XCBuildConfiguration;
			buildSettings = {
				CODE_SIGN_ENTITLEMENTS = "7tvSafari Extension/_tvSafari_Extension.entitlements";
				CODE_SIGN_STYLE = Automatic;
				CURRENT_PROJECT_VERSION = 1;
				ENABLE_HARDENED_RUNTIME = YES;
				GENERATE_INFOPLIST_FILE = YES;
				INFOPLIST_FILE = "7tvSafari Extension/Info.plist";
				INFOPLIST_KEY_CFBundleDisplayName = "7tvSafari Extension";
				INFOPLIST_KEY_NSHumanReadableCopyright = "";
				LD_RUNPATH_SEARCH_PATHS = (
					"$(inherited)",
					"@executable_path/../Frameworks",
					"@executable_path/../../../../Frameworks",
				);
				MACOSX_DEPLOYMENT_TARGET = 10.14;
				MARKETING_VERSION = 1.0;
				OTHER_LDFLAGS = (
					"-framework",
					SafariServices,
				);
				PRODUCT_BUNDLE_IDENTIFIER = "com.yourCompany.-tvSafari.Extension";
				PRODUCT_NAME = "$(TARGET_NAME)";
				SKIP_INSTALL = YES;
				SWIFT_EMIT_LOC_STRINGS = YES;
				SWIFT_VERSION = 5.0;
			};
			name = Release;
		};
		4384EBED2C76841600C6FC2C /* Debug */ = {
			isa = XCBuildConfiguration;
			buildSettings = {
				ALWAYS_EMBED_SWIFT_STANDARD_LIBRARIES = YES;
				ASSETCATALOG_COMPILER_APPICON_NAME = AppIcon;
				ASSETCATALOG_COMPILER_GLOBAL_ACCENT_COLOR_NAME = AccentColor;
				CODE_SIGN_ENTITLEMENTS = 7tvSafari/7tvSafari.entitlements;
				CODE_SIGN_STYLE = Automatic;
				COMBINE_HIDPI_IMAGES = YES;
				CURRENT_PROJECT_VERSION = 1;
				ENABLE_HARDENED_RUNTIME = YES;
				GENERATE_INFOPLIST_FILE = YES;
				INFOPLIST_FILE = 7tvSafari/Info.plist;
				INFOPLIST_KEY_CFBundleDisplayName = 7tvSafari;
				INFOPLIST_KEY_NSHumanReadableCopyright = "";
				INFOPLIST_KEY_NSMainStoryboardFile = Main;
				INFOPLIST_KEY_NSPrincipalClass = NSApplication;
				LD_RUNPATH_SEARCH_PATHS = (
					"$(inherited)",
					"@executable_path/../Frameworks",
				);
				MACOSX_DEPLOYMENT_TARGET = 10.14;
				MARKETING_VERSION = 1.0;
				OTHER_LDFLAGS = (
					"-framework",
					SafariServices,
					"-framework",
					WebKit,
				);
				PRODUCT_BUNDLE_IDENTIFIER = "com.yourCompany.-tvSafari";
				PRODUCT_NAME = "$(TARGET_NAME)";
				SWIFT_EMIT_LOC_STRINGS = YES;
				SWIFT_VERSION = 5.0;
			};
			name = Debug;
		};
		4384EBEE2C76841600C6FC2C /* Release */ = {
			isa = XCBuildConfiguration;
			buildSettings = {
				ALWAYS_EMBED_SWIFT_STANDARD_LIBRARIES = YES;
				ASSETCATALOG_COMPILER_APPICON_NAME = AppIcon;
				ASSETCATALOG_COMPILER_GLOBAL_ACCENT_COLOR_NAME = AccentColor;
				CODE_SIGN_ENTITLEMENTS = 7tvSafari/7tvSafari.entitlements;
				CODE_SIGN_STYLE = Automatic;
				COMBINE_HIDPI_IMAGES = YES;
				CURRENT_PROJECT_VERSION = 1;
				ENABLE_HARDENED_RUNTIME = YES;
				GENERATE_INFOPLIST_FILE = YES;
				INFOPLIST_FILE = 7tvSafari/Info.plist;
				INFOPLIST_KEY_CFBundleDisplayName = 7tvSafari;
				INFOPLIST_KEY_NSHumanReadableCopyright = "";
				INFOPLIST_KEY_NSMainStoryboardFile = Main;
				INFOPLIST_KEY_NSPrincipalClass = NSApplication;
				LD_RUNPATH_SEARCH_PATHS = (
					"$(inherited)",
					"@executable_path/../Frameworks",
				);
				MACOSX_DEPLOYMENT_TARGET = 10.14;
				MARKETING_VERSION = 1.0;
				OTHER_LDFLAGS = (
					"-framework",
					SafariServices,
					"-framework",
					WebKit,
				);
				PRODUCT_BUNDLE_IDENTIFIER = "com.yourCompany.-tvSafari";
				PRODUCT_NAME = "$(TARGET_NAME)";
				SWIFT_EMIT_LOC_STRINGS = YES;
				SWIFT_VERSION = 5.0;
			};
			name = Release;
		};
/* End XCBuildConfiguration section */

/* Begin XCConfigurationList section */
		4384EBBB2C76841400C6FC2C /* Build configuration list for PBXProject "7tvSafari" */ = {
			isa = XCConfigurationList;
			buildConfigurations = (
				4384EBE62C76841600C6FC2C /* Debug */,
				4384EBE72C76841600C6FC2C /* Release */,
			);
			defaultConfigurationIsVisible = 0;
			defaultConfigurationName = Release;
		};
		4384EBE82C76841600C6FC2C /* Build configuration list for PBXNativeTarget "7tvSafari Extension" */ = {
			isa = XCConfigurationList;
			buildConfigurations = (
				4384EBE92C76841600C6FC2C /* Debug */,
				4384EBEA2C76841600C6FC2C /* Release */,
			);
			defaultConfigurationIsVisible = 0;
			defaultConfigurationName = Release;
		};
		4384EBEC2C76841600C6FC2C /* Build configuration list for PBXNativeTarget "7tvSafari" */ = {
			isa = XCConfigurationList;
			buildConfigurations = (
				4384EBED2C76841600C6FC2C /* Debug */,
				4384EBEE2C76841600C6FC2C /* Release */,
			);
			defaultConfigurationIsVisible = 0;
			defaultConfigurationName = Release;
		};
/* End XCConfigurationList section */
	};
	rootObject = 4384EBB82C76841400C6FC2C /* Project object */;
}
